
Microsoft Visual Studio Solution File, Format Version 12.00
# Visual Studio Version 16
VisualStudioVersion = 16.0.30011.22
MinimumVisualStudioVersion = 10.0.40219.1
Project("{888888A0-9F3D-457C-B088-3A5042F75D52}") = "projeksetod", "projeksetod.pyproj", "{F2EAE3A6-A2B6-43DD-815C-7CDF33198525}"
EndProject
Global
	GlobalSection(SolutionConfigurationPlatforms) = preSolution
		Debug|Any CPU = Debug|Any CPU
		Release|Any CPU = Release|Any CPU
	EndGlobalSection
	GlobalSection(ProjectConfigurationPlatforms) = postSolution
		{F2EAE3A6-A2B6-43DD-815C-7CDF33198525}.Debug|Any CPU.ActiveCfg = Debug|Any CPU
		{F2EAE3A6-A2B6-43DD-815C-7CDF33198525}.Release|Any CPU.ActiveCfg = Release|Any CPU
	EndGlobalSection
	GlobalSection(SolutionProperties) = preSolution
		HideSolutionNode = FALSE
	EndGlobalSection
	GlobalSection(ExtensibilityGlobals) = postSolution
		SolutionGuid = {A5C0CA3D-C440-4FA6-8018-2D9A40589580}
	EndGlobalSection
EndGlobal
